
Microsoft Visual Studio Solution File, Format Version 12.00
# Visual Studio Version 16
VisualStudioVersion = 16.0.32106.194
MinimumVisualStudioVersion = 10.0.40219.1
Project("{FAE04EC0-301F-11D3-BF4B-00C04F79EFBC}") = "Treinamento.Matheus.1", "Treinamento.Matheus.1\Treinamento.Matheus.1.csproj", "{360E245A-992F-40B8-A97B-F63FA7418971}"
EndProject
Global
	GlobalSection(SolutionConfigurationPlatforms) = preSolution
		Debug|Any CPU = Debug|Any CPU
		Release|Any CPU = Release|Any CPU
	EndGlobalSection
	GlobalSection(ProjectConfigurationPlatforms) = postSolution
		{360E245A-992F-40B8-A97B-F63FA7418971}.Debug|Any CPU.ActiveCfg = Debug|Any CPU
		{360E245A-992F-40B8-A97B-F63FA7418971}.Debug|Any CPU.Build.0 = Debug|Any CPU
		{360E245A-992F-40B8-A97B-F63FA7418971}.Release|Any CPU.ActiveCfg = Release|Any CPU
		{360E245A-992F-40B8-A97B-F63FA7418971}.Release|Any CPU.Build.0 = Release|Any CPU
	EndGlobalSection
	GlobalSection(SolutionProperties) = preSolution
		HideSolutionNode = FALSE
	EndGlobalSection
	GlobalSection(ExtensibilityGlobals) = postSolution
		SolutionGuid = {320DF962-3558-463B-9E35-2142B7B28B66}
	EndGlobalSection
EndGlobal
